
Microsoft Visual Studio Solution File, Format Version 12.00
# Visual Studio Version 16
VisualStudioVersion = 16.0.28803.352
MinimumVisualStudioVersion = 10.0.40219.1
Project("{9A19103F-16F7-4668-BE54-9A1E7A4F7556}") = "Core", "src\Core\Core.csproj", "{76F92916-BC21-42B9-A03F-443781F74F35}"
EndProject
Project("{2150E333-8FDC-42A3-9474-1A3956D46DE8}") = "AspNetCore", "AspNetCore", "{26012ED1-A390-4A4E-8CEC-46F68728D1B0}"
EndProject
Project("{9A19103F-16F7-4668-BE54-9A1E7A4F7556}") = "AspNetCore.Mvc", "src\AspNetCore\Mvc\AspNetCore.Mvc.csproj", "{D2BC1908-9AE3-4B98-AB61-1993248BC849}"
EndProject
Project("{9A19103F-16F7-4668-BE54-9A1E7A4F7556}") = "Ocelot", "src\AspNetCore\Ocelot\Ocelot.csproj", "{2B7BD8D0-4936-4EAE-970D-A807E339B819}"
EndProject
Project("{9A19103F-16F7-4668-BE54-9A1E7A4F7556}") = "RestSharp", "src\RestSharp\RestSharp.csproj", "{9882C511-06E7-4007-AAAC-4B8ED2DCABFA}"
EndProject
Project("{2150E333-8FDC-42A3-9474-1A3956D46DE8}") = "Tests", "Tests", "{00FE9DF5-D3B6-45F2-B543-41165560C65B}"
EndProject
Project("{9A19103F-16F7-4668-BE54-9A1E7A4F7556}") = "Core.Tests", "tests\Core.Tests\Core.Tests.csproj", "{16E13EEA-BA99-42C4-A2BF-DD1AE8D9A70C}"
EndProject
Project("{9A19103F-16F7-4668-BE54-9A1E7A4F7556}") = "Swagger", "src\AspNetCore\Swagger\Swagger.csproj", "{1CFFDEE7-B596-46A7-843E-9A054A8BF931}"
EndProject
Global
	GlobalSection(SolutionConfigurationPlatforms) = preSolution
		Debug|Any CPU = Debug|Any CPU
		Release|Any CPU = Release|Any CPU
	EndGlobalSection
	GlobalSection(ProjectConfigurationPlatforms) = postSolution
		{76F92916-BC21-42B9-A03F-443781F74F35}.Debug|Any CPU.ActiveCfg = Debug|Any CPU
		{76F92916-BC21-42B9-A03F-443781F74F35}.Debug|Any CPU.Build.0 = Debug|Any CPU
		{76F92916-BC21-42B9-A03F-443781F74F35}.Release|Any CPU.ActiveCfg = Release|Any CPU
		{76F92916-BC21-42B9-A03F-443781F74F35}.Release|Any CPU.Build.0 = Release|Any CPU
		{D2BC1908-9AE3-4B98-AB61-1993248BC849}.Debug|Any CPU.ActiveCfg = Debug|Any CPU
		{D2BC1908-9AE3-4B98-AB61-1993248BC849}.Debug|Any CPU.Build.0 = Debug|Any CPU
		{D2BC1908-9AE3-4B98-AB61-1993248BC849}.Release|Any CPU.ActiveCfg = Release|Any CPU
		{D2BC1908-9AE3-4B98-AB61-1993248BC849}.Release|Any CPU.Build.0 = Release|Any CPU
		{2B7BD8D0-4936-4EAE-970D-A807E339B819}.Debug|Any CPU.ActiveCfg = Debug|Any CPU
		{2B7BD8D0-4936-4EAE-970D-A807E339B819}.Debug|Any CPU.Build.0 = Debug|Any CPU
		{2B7BD8D0-4936-4EAE-970D-A807E339B819}.Release|Any CPU.ActiveCfg = Release|Any CPU
		{2B7BD8D0-4936-4EAE-970D-A807E339B819}.Release|Any CPU.Build.0 = Release|Any CPU
		{9882C511-06E7-4007-AAAC-4B8ED2DCABFA}.Debug|Any CPU.ActiveCfg = Debug|Any CPU
		{9882C511-06E7-4007-AAAC-4B8ED2DCABFA}.Debug|Any CPU.Build.0 = Debug|Any CPU
		{9882C511-06E7-4007-AAAC-4B8ED2DCABFA}.Release|Any CPU.ActiveCfg = Release|Any CPU
		{9882C511-06E7-4007-AAAC-4B8ED2DCABFA}.Release|Any CPU.Build.0 = Release|Any CPU
		{16E13EEA-BA99-42C4-A2BF-DD1AE8D9A70C}.Debug|Any CPU.ActiveCfg = Debug|Any CPU
		{16E13EEA-BA99-42C4-A2BF-DD1AE8D9A70C}.Debug|Any CPU.Build.0 = Debug|Any CPU
		{16E13EEA-BA99-42C4-A2BF-DD1AE8D9A70C}.Release|Any CPU.ActiveCfg = Release|Any CPU
		{16E13EEA-BA99-42C4-A2BF-DD1AE8D9A70C}.Release|Any CPU.Build.0 = Release|Any CPU
		{1CFFDEE7-B596-46A7-843E-9A054A8BF931}.Debug|Any CPU.ActiveCfg = Debug|Any CPU
		{1CFFDEE7-B596-46A7-843E-9A054A8BF931}.Debug|Any CPU.Build.0 = Debug|Any CPU
		{1CFFDEE7-B596-46A7-843E-9A054A8BF931}.Release|Any CPU.ActiveCfg = Release|Any CPU
		{1CFFDEE7-B596-46A7-843E-9A054A8BF931}.Release|Any CPU.Build.0 = Release|Any CPU
	EndGlobalSection
	GlobalSection(SolutionProperties) = preSolution
		HideSolutionNode = FALSE
	EndGlobalSection
	GlobalSection(NestedProjects) = preSolution
		{D2BC1908-9AE3-4B98-AB61-1993248BC849} = {26012ED1-A390-4A4E-8CEC-46F68728D1B0}
		{2B7BD8D0-4936-4EAE-970D-A807E339B819} = {26012ED1-A390-4A4E-8CEC-46F68728D1B0}
		{16E13EEA-BA99-42C4-A2BF-DD1AE8D9A70C} = {00FE9DF5-D3B6-45F2-B543-41165560C65B}
		{1CFFDEE7-B596-46A7-843E-9A054A8BF931} = {26012ED1-A390-4A4E-8CEC-46F68728D1B0}
	EndGlobalSection
	GlobalSection(ExtensibilityGlobals) = postSolution
		SolutionGuid = {90D9FFF7-C08D-4AF7-962A-79830EAA0365}
	EndGlobalSection
EndGlobal
